
Microsoft Visual Studio Solution File, Format Version 12.00
# Visual Studio Version 17
VisualStudioVersion = 17.11.35327.3
MinimumVisualStudioVersion = 10.0.40219.1
Project("{FAE04EC0-301F-11D3-BF4B-00C04F79EFBC}") = "Hello World", "Hello World\Hello World.csproj", "{E7030774-4DBB-4303-A229-1E1350ED39F6}"
EndProject
Project("{FAE04EC0-301F-11D3-BF4B-00C04F79EFBC}") = "Guess Game", "Guess Game\Guess Game.csproj", "{640861BF-961A-4DD5-8A40-62E2CE188707}"
EndProject
Project("{FAE04EC0-301F-11D3-BF4B-00C04F79EFBC}") = "packman", "packman\packman.csproj", "{1826655A-549B-4F29-9A09-944AA7C09198}"
EndProject
Global
	GlobalSection(SolutionConfigurationPlatforms) = preSolution
		Debug|Any CPU = Debug|Any CPU
		Release|Any CPU = Release|Any CPU
	EndGlobalSection
	GlobalSection(ProjectConfigurationPlatforms) = postSolution
		{E7030774-4DBB-4303-A229-1E1350ED39F6}.Debug|Any CPU.ActiveCfg = Debug|Any CPU
		{E7030774-4DBB-4303-A229-1E1350ED39F6}.Debug|Any CPU.Build.0 = Debug|Any CPU
		{E7030774-4DBB-4303-A229-1E1350ED39F6}.Release|Any CPU.ActiveCfg = Release|Any CPU
		{E7030774-4DBB-4303-A229-1E1350ED39F6}.Release|Any CPU.Build.0 = Release|Any CPU
		{640861BF-961A-4DD5-8A40-62E2CE188707}.Debug|Any CPU.ActiveCfg = Debug|Any CPU
		{640861BF-961A-4DD5-8A40-62E2CE188707}.Debug|Any CPU.Build.0 = Debug|Any CPU
		{640861BF-961A-4DD5-8A40-62E2CE188707}.Release|Any CPU.ActiveCfg = Release|Any CPU
		{640861BF-961A-4DD5-8A40-62E2CE188707}.Release|Any CPU.Build.0 = Release|Any CPU
		{1826655A-549B-4F29-9A09-944AA7C09198}.Debug|Any CPU.ActiveCfg = Debug|Any CPU
		{1826655A-549B-4F29-9A09-944AA7C09198}.Debug|Any CPU.Build.0 = Debug|Any CPU
		{1826655A-549B-4F29-9A09-944AA7C09198}.Release|Any CPU.ActiveCfg = Release|Any CPU
		{1826655A-549B-4F29-9A09-944AA7C09198}.Release|Any CPU.Build.0 = Release|Any CPU
	EndGlobalSection
	GlobalSection(SolutionProperties) = preSolution
		HideSolutionNode = FALSE
	EndGlobalSection
	GlobalSection(ExtensibilityGlobals) = postSolution
		SolutionGuid = {C54D165B-5715-441F-B70C-BEA91B42AB9F}
	EndGlobalSection
EndGlobal
